
Microsoft Visual Studio Solution File, Format Version 12.00
# Visual Studio Version 17
VisualStudioVersion = 17.4.33213.308
MinimumVisualStudioVersion = 10.0.40219.1
Project("{9A19103F-16F7-4668-BE54-9A1E7A4F7556}") = "Piyeycorp.Rebus.Firestore", "Piyeycorp.Rebus.Firestore\Piyeycorp.Rebus.Firestore.csproj", "{9D6B9CA9-7CAB-4B15-9FD9-2E7BA192557D}"
EndProject
Project("{9A19103F-16F7-4668-BE54-9A1E7A4F7556}") = "Piyeycorp.Rebus.Firestore.Tests", "Piyeycorp.Rebus.Firestore.Tests\Piyeycorp.Rebus.Firestore.Tests.csproj", "{82AC9860-C04E-4753-A3F7-0E6E33193ACA}"
EndProject
Global
	GlobalSection(SolutionConfigurationPlatforms) = preSolution
		Debug|Any CPU = Debug|Any CPU
		Release|Any CPU = Release|Any CPU
	EndGlobalSection
	GlobalSection(ProjectConfigurationPlatforms) = postSolution
		{9D6B9CA9-7CAB-4B15-9FD9-2E7BA192557D}.Debug|Any CPU.ActiveCfg = Debug|Any CPU
		{9D6B9CA9-7CAB-4B15-9FD9-2E7BA192557D}.Debug|Any CPU.Build.0 = Debug|Any CPU
		{9D6B9CA9-7CAB-4B15-9FD9-2E7BA192557D}.Release|Any CPU.ActiveCfg = Release|Any CPU
		{9D6B9CA9-7CAB-4B15-9FD9-2E7BA192557D}.Release|Any CPU.Build.0 = Release|Any CPU
		{82AC9860-C04E-4753-A3F7-0E6E33193ACA}.Debug|Any CPU.ActiveCfg = Debug|Any CPU
		{82AC9860-C04E-4753-A3F7-0E6E33193ACA}.Debug|Any CPU.Build.0 = Debug|Any CPU
		{82AC9860-C04E-4753-A3F7-0E6E33193ACA}.Release|Any CPU.ActiveCfg = Release|Any CPU
		{82AC9860-C04E-4753-A3F7-0E6E33193ACA}.Release|Any CPU.Build.0 = Release|Any CPU
	EndGlobalSection
	GlobalSection(SolutionProperties) = preSolution
		HideSolutionNode = FALSE
	EndGlobalSection
	GlobalSection(ExtensibilityGlobals) = postSolution
		SolutionGuid = {6ACCA05C-0EBA-46B5-BF0D-20B3B8E2481E}
	EndGlobalSection
EndGlobal
